
Microsoft Visual Studio Solution File, Format Version 12.00
# Visual Studio Version 16
VisualStudioVersion = 16.0.31019.35
MinimumVisualStudioVersion = 10.0.40219.1
Project("{FAE04EC0-301F-11D3-BF4B-00C04F79EFBC}") = "MustafaCMS", "MustafaCMS\MustafaCMS.csproj", "{31A7BB46-98F2-463B-8BB5-52302A401DF4}"
EndProject
Global
	GlobalSection(SolutionConfigurationPlatforms) = preSolution
		Debug|Any CPU = Debug|Any CPU
		Release|Any CPU = Release|Any CPU
	EndGlobalSection
	GlobalSection(ProjectConfigurationPlatforms) = postSolution
		{31A7BB46-98F2-463B-8BB5-52302A401DF4}.Debug|Any CPU.ActiveCfg = Debug|Any CPU
		{31A7BB46-98F2-463B-8BB5-52302A401DF4}.Debug|Any CPU.Build.0 = Debug|Any CPU
		{31A7BB46-98F2-463B-8BB5-52302A401DF4}.Release|Any CPU.ActiveCfg = Release|Any CPU
		{31A7BB46-98F2-463B-8BB5-52302A401DF4}.Release|Any CPU.Build.0 = Release|Any CPU
	EndGlobalSection
	GlobalSection(SolutionProperties) = preSolution
		HideSolutionNode = FALSE
	EndGlobalSection
	GlobalSection(ExtensibilityGlobals) = postSolution
		SolutionGuid = {6AC2255D-BA7B-4286-B1E9-84E72FC5D50D}
	EndGlobalSection
EndGlobal
